// !$*UTF8*$!
{
	archiveVersion = 1;
	classes = {
	};
	objectVersion = 56;
	objects = {

/* Begin PBXBuildFile section */
		70592AB82A7A5CA9005B2C4E /* ToDoListApp.swift in Sources */ = {isa = PBXBuildFile; fileRef = 70592AB72A7A5CA9005B2C4E /* ToDoListApp.swift */; };
		70592ABA2A7A5CA9005B2C4E /* ContentView.swift in Sources */ = {isa = PBXBuildFile; fileRef = 70592AB92A7A5CA9005B2C4E /* ContentView.swift */; };
		70592ABC2A7A5CAB005B2C4E /* Assets.xcassets in Resources */ = {isa = PBXBuildFile; fileRef = 70592ABB2A7A5CAB005B2C4E /* Assets.xcassets */; };
		70592ABF2A7A5CAB005B2C4E /* Preview Assets.xcassets in Resources */ = {isa = PBXBuildFile; fileRef = 70592ABE2A7A5CAB005B2C4E /* Preview Assets.xcassets */; };
		70592AC12A7A5CAB005B2C4E /* Persistence.swift in Sources */ = {isa = PBXBuildFile; fileRef = 70592AC02A7A5CAB005B2C4E /* Persistence.swift */; };
		70592AC42A7A5CAB005B2C4E /* ToDoList.xcdatamodeld in Sources */ = {isa = PBXBuildFile; fileRef = 70592AC22A7A5CAB005B2C4E /* ToDoList.xcdatamodeld */; };
		70592ACE2A7A5CAC005B2C4E /* ToDoListTests.swift in Sources */ = {isa = PBXBuildFile; fileRef = 70592ACD2A7A5CAC005B2C4E /* ToDoListTests.swift */; };
		70592AD82A7A5CAC005B2C4E /* ToDoListUITests.swift in Sources */ = {isa = PBXBuildFile; fileRef = 70592AD72A7A5CAC005B2C4E /* ToDoListUITests.swift */; };
		70592ADA2A7A5CAC005B2C4E /* ToDoListUITestsLaunchTests.swift in Sources */ = {isa = PBXBuildFile; fileRef = 70592AD92A7A5CAC005B2C4E /* ToDoListUITestsLaunchTests.swift */; };
		70592AE72A7A5F5C005B2C4E /* SaveView.swift in Sources */ = {isa = PBXBuildFile; fileRef = 70592AE62A7A5F5C005B2C4E /* SaveView.swift */; };
		70592AEB2A7ABB9D005B2C4E /* DetailView.swift in Sources */ = {isa = PBXBuildFile; fileRef = 70592AEA2A7ABB9D005B2C4E /* DetailView.swift */; };
/* End PBXBuildFile section */

/* Begin PBXContainerItemProxy section */
		70592ACA2A7A5CAC005B2C4E /* PBXContainerItemProxy */ = {
			isa = PBXContainerItemProxy;
			containerPortal = 70592AAC2A7A5CA9005B2C4E /* Project object */;
			proxyType = 1;
			remoteGlobalIDString = 70592AB32A7A5CA9005B2C4E;
			remoteInfo = ToDoList;
		};
		70592AD42A7A5CAC005B2C4E /* PBXContainerItemProxy */ = {
			isa = PBXContainerItemProxy;
			containerPortal = 70592AAC2A7A5CA9005B2C4E /* Project object */;
			proxyType = 1;
			remoteGlobalIDString = 70592AB32A7A5CA9005B2C4E;
			remoteInfo = ToDoList;
		};
/* End PBXContainerItemProxy section */

/* Begin PBXFileReference section */
		70592AB42A7A5CA9005B2C4E /* ToDoList.app */ = {isa = PBXFileReference; explicitFileType = wrapper.application; includeInIndex = 0; path = ToDoList.app; sourceTree = BUILT_PRODUCTS_DIR; };
		70592AB72A7A5CA9005B2C4E /* ToDoListApp.swift */ = {isa = PBXFileReference; lastKnownFileType = sourcecode.swift; path = ToDoListApp.swift; sourceTree = "<group>"; };
		70592AB92A7A5CA9005B2C4E /* ContentView.swift */ = {isa = PBXFileReference; lastKnownFileType = sourcecode.swift; path = ContentView.swift; sourceTree = "<group>"; };
		70592ABB2A7A5CAB005B2C4E /* Assets.xcassets */ = {isa = PBXFileReference; lastKnownFileType = folder.assetcatalog; path = Assets.xcassets; sourceTree = "<group>"; };
		70592ABE2A7A5CAB005B2C4E /* Preview Assets.xcassets */ = {isa = PBXFileReference; lastKnownFileType = folder.assetcatalog; path = "Preview Assets.xcassets"; sourceTree = "<group>"; };
		70592AC02A7A5CAB005B2C4E /* Persistence.swift */ = {isa = PBXFileReference; lastKnownFileType = sourcecode.swift; path = Persistence.swift; sourceTree = "<group>"; };
		70592AC32A7A5CAB005B2C4E /* ToDoList.xcdatamodel */ = {isa = PBXFileReference; lastKnownFileType = wrapper.xcdatamodel; path = ToDoList.xcdatamodel; sourceTree = "<group>"; };
		70592AC92A7A5CAC005B2C4E /* ToDoListTests.xctest */ = {isa = PBXFileReference; explicitFileType = wrapper.cfbundle; includeInIndex = 0; path = ToDoListTests.xctest; sourceTree = BUILT_PRODUCTS_DIR; };
		70592ACD2A7A5CAC005B2C4E /* ToDoListTests.swift */ = {isa = PBXFileReference; lastKnownFileType = sourcecode.swift; path = ToDoListTests.swift; sourceTree = "<group>"; };
		70592AD32A7A5CAC005B2C4E /* ToDoListUITests.xctest */ = {isa = PBXFileReference; explicitFileType = wrapper.cfbundle; includeInIndex = 0; path = ToDoListUITests.xctest; sourceTree = BUILT_PRODUCTS_DIR; };
		70592AD72A7A5CAC005B2C4E /* ToDoListUITests.swift */ = {isa = PBXFileReference; lastKnownFileType = sourcecode.swift; path = ToDoListUITests.swift; sourceTree = "<group>"; };
		70592AD92A7A5CAC005B2C4E /* ToDoListUITestsLaunchTests.swift */ = {isa = PBXFileReference; lastKnownFileType = sourcecode.swift; path = ToDoListUITestsLaunchTests.swift; sourceTree = "<group>"; };
		70592AE62A7A5F5C005B2C4E /* SaveView.swift */ = {isa = PBXFileReference; lastKnownFileType = sourcecode.swift; path = SaveView.swift; sourceTree = "<group>"; };
		70592AEA2A7ABB9D005B2C4E /* DetailView.swift */ = {isa = PBXFileReference; lastKnownFileType = sourcecode.swift; path = DetailView.swift; sourceTree = "<group>"; };
/* End PBXFileReference section */

/* Begin PBXFrameworksBuildPhase section */
		70592AB12A7A5CA9005B2C4E /* Frameworks */ = {
			isa = PBXFrameworksBuildPhase;
			buildActionMask = 2147483647;
			files = (
			);
			runOnlyForDeploymentPostprocessing = 0;
		};
		70592AC62A7A5CAC005B2C4E /* Frameworks */ = {
			isa = PBXFrameworksBuildPhase;
			buildActionMask = 2147483647;
			files = (
			);
			runOnlyForDeploymentPostprocessing = 0;
		};
		70592AD02A7A5CAC005B2C4E /* Frameworks */ = {
			isa = PBXFrameworksBuildPhase;
			buildActionMask = 2147483647;
			files = (
			);
			runOnlyForDeploymentPostprocessing = 0;
		};
/* End PBXFrameworksBuildPhase section */

/* Begin PBXGroup section */
		70592AAB2A7A5CA9005B2C4E = {
			isa = PBXGroup;
			children = (
				70592AB62A7A5CA9005B2C4E /* ToDoList */,
				70592ACC2A7A5CAC005B2C4E /* ToDoListTests */,
				70592AD62A7A5CAC005B2C4E /* ToDoListUITests */,
				70592AB52A7A5CA9005B2C4E /* Products */,
			);
			sourceTree = "<group>";
		};
		70592AB52A7A5CA9005B2C4E /* Products */ = {
			isa = PBXGroup;
			children = (
				70592AB42A7A5CA9005B2C4E /* ToDoList.app */,
				70592AC92A7A5CAC005B2C4E /* ToDoListTests.xctest */,
				70592AD32A7A5CAC005B2C4E /* ToDoListUITests.xctest */,
			);
			name = Products;
			sourceTree = "<group>";
		};
		70592AB62A7A5CA9005B2C4E /* ToDoList */ = {
			isa = PBXGroup;
			children = (
				70592AB72A7A5CA9005B2C4E /* ToDoListApp.swift */,
				70592AB92A7A5CA9005B2C4E /* ContentView.swift */,
				70592AE62A7A5F5C005B2C4E /* SaveView.swift */,
				70592AEA2A7ABB9D005B2C4E /* DetailView.swift */,
				70592ABB2A7A5CAB005B2C4E /* Assets.xcassets */,
				70592AC02A7A5CAB005B2C4E /* Persistence.swift */,
				70592AC22A7A5CAB005B2C4E /* ToDoList.xcdatamodeld */,
				70592ABD2A7A5CAB005B2C4E /* Preview Content */,
			);
			path = ToDoList;
			sourceTree = "<group>";
		};
		70592ABD2A7A5CAB005B2C4E /* Preview Content */ = {
			isa = PBXGroup;
			children = (
				70592ABE2A7A5CAB005B2C4E /* Preview Assets.xcassets */,
			);
			path = "Preview Content";
			sourceTree = "<group>";
		};
		70592ACC2A7A5CAC005B2C4E /* ToDoListTests */ = {
			isa = PBXGroup;
			children = (
				70592ACD2A7A5CAC005B2C4E /* ToDoListTests.swift */,
			);
			path = ToDoListTests;
			sourceTree = "<group>";
		};
		70592AD62A7A5CAC005B2C4E /* ToDoListUITests */ = {
			isa = PBXGroup;
			children = (
				70592AD72A7A5CAC005B2C4E /* ToDoListUITests.swift */,
				70592AD92A7A5CAC005B2C4E /* ToDoListUITestsLaunchTests.swift */,
			);
			path = ToDoListUITests;
			sourceTree = "<group>";
		};
/* End PBXGroup section */

/* Begin PBXNativeTarget section */
		70592AB32A7A5CA9005B2C4E /* ToDoList */ = {
			isa = PBXNativeTarget;
			buildConfigurationList = 70592ADD2A7A5CAC005B2C4E /* Build configuration list for PBXNativeTarget "ToDoList" */;
			buildPhases = (
				70592AB02A7A5CA9005B2C4E /* Sources */,
				70592AB12A7A5CA9005B2C4E /* Frameworks */,
				70592AB22A7A5CA9005B2C4E /* Resources */,
			);
			buildRules = (
			);
			dependencies = (
			);
			name = ToDoList;
			productName = ToDoList;
			productReference = 70592AB42A7A5CA9005B2C4E /* ToDoList.app */;
			productType = "com.apple.product-type.application";
		};
		70592AC82A7A5CAC005B2C4E /* ToDoListTests */ = {
			isa = PBXNativeTarget;
			buildConfigurationList = 70592AE02A7A5CAC005B2C4E /* Build configuration list for PBXNativeTarget "ToDoListTests" */;
			buildPhases = (
				70592AC52A7A5CAC005B2C4E /* Sources */,
				70592AC62A7A5CAC005B2C4E /* Frameworks */,
				70592AC72A7A5CAC005B2C4E /* Resources */,
			);
			buildRules = (
			);
			dependencies = (
				70592ACB2A7A5CAC005B2C4E /* PBXTargetDependency */,
			);
			name = ToDoListTests;
			productName = ToDoListTests;
			productReference = 70592AC92A7A5CAC005B2C4E /* ToDoListTests.xctest */;
			productType = "com.apple.product-type.bundle.unit-test";
		};
		70592AD22A7A5CAC005B2C4E /* ToDoListUITests */ = {
			isa = PBXNativeTarget;
			buildConfigurationList = 70592AE32A7A5CAC005B2C4E /* Build configuration list for PBXNativeTarget "ToDoListUITests" */;
			buildPhases = (
				70592ACF2A7A5CAC005B2C4E /* Sources */,
				70592AD02A7A5CAC005B2C4E /* Frameworks */,
				70592AD12A7A5CAC005B2C4E /* Resources */,
			);
			buildRules = (
			);
			dependencies = (
				70592AD52A7A5CAC005B2C4E /* PBXTargetDependency */,
			);
			name = ToDoListUITests;
			productName = ToDoListUITests;
			productReference = 70592AD32A7A5CAC005B2C4E /* ToDoListUITests.xctest */;
			productType = "com.apple.product-type.bundle.ui-testing";
		};
/* End PBXNativeTarget section */

/* Begin PBXProject section */
		70592AAC2A7A5CA9005B2C4E /* Project object */ = {
			isa = PBXProject;
			attributes = {
				BuildIndependentTargetsInParallel = 1;
				LastSwiftUpdateCheck = 1430;
				LastUpgradeCheck = 1430;
				TargetAttributes = {
					70592AB32A7A5CA9005B2C4E = {
						CreatedOnToolsVersion = 14.3.1;
					};
					70592AC82A7A5CAC005B2C4E = {
						CreatedOnToolsVersion = 14.3.1;
						TestTargetID = 70592AB32A7A5CA9005B2C4E;
					};
					70592AD22A7A5CAC005B2C4E = {
						CreatedOnToolsVersion = 14.3.1;
						TestTargetID = 70592AB32A7A5CA9005B2C4E;
					};
				};
			};
			buildConfigurationList = 70592AAF2A7A5CA9005B2C4E /* Build configuration list for PBXProject "ToDoList" */;
			compatibilityVersion = "Xcode 14.0";
			developmentRegion = en;
			hasScannedForEncodings = 0;
			knownRegions = (
				en,
				Base,
			);
			mainGroup = 70592AAB2A7A5CA9005B2C4E;
			productRefGroup = 70592AB52A7A5CA9005B2C4E /* Products */;
			projectDirPath = "";
			projectRoot = "";
			targets = (
				70592AB32A7A5CA9005B2C4E /* ToDoList */,
				70592AC82A7A5CAC005B2C4E /* ToDoListTests */,
				70592AD22A7A5CAC005B2C4E /* ToDoListUITests */,
			);
		};
/* End PBXProject section */

/* Begin PBXResourcesBuildPhase section */
		70592AB22A7A5CA9005B2C4E /* Resources */ = {
			isa = PBXResourcesBuildPhase;
			buildActionMask = 2147483647;
			files = (
				70592ABF2A7A5CAB005B2C4E /* Preview Assets.xcassets in Resources */,
				70592ABC2A7A5CAB005B2C4E /* Assets.xcassets in Resources */,
			);
			runOnlyForDeploymentPostprocessing = 0;
		};
		70592AC72A7A5CAC005B2C4E /* Resources */ = {
			isa = PBXResourcesBuildPhase;
			buildActionMask = 2147483647;
			files = (
			);
			runOnlyForDeploymentPostprocessing = 0;
		};
		70592AD12A7A5CAC005B2C4E /* Resources */ = {
			isa = PBXResourcesBuildPhase;
			buildActionMask = 2147483647;
			files = (
			);
			runOnlyForDeploymentPostprocessing = 0;
		};
/* End PBXResourcesBuildPhase section */

/* Begin PBXSourcesBuildPhase section */
		70592AB02A7A5CA9005B2C4E /* Sources */ = {
			isa = PBXSourcesBuildPhase;
			buildActionMask = 2147483647;
			files = (
				70592AC12A7A5CAB005B2C4E /* Persistence.swift in Sources */,
				70592AEB2A7ABB9D005B2C4E /* DetailView.swift in Sources */,
				70592ABA2A7A5CA9005B2C4E /* ContentView.swift in Sources */,
				70592AE72A7A5F5C005B2C4E /* SaveView.swift in Sources */,
				70592AB82A7A5CA9005B2C4E /* ToDoListApp.swift in Sources */,
				70592AC42A7A5CAB005B2C4E /* ToDoList.xcdatamodeld in Sources */,
			);
			runOnlyForDeploymentPostprocessing = 0;
		};
		70592AC52A7A5CAC005B2C4E /* Sources */ = {
			isa = PBXSourcesBuildPhase;
			buildActionMask = 2147483647;
			files = (
				70592ACE2A7A5CAC005B2C4E /* ToDoListTests.swift in Sources */,
			);
			runOnlyForDeploymentPostprocessing = 0;
		};
		70592ACF2A7A5CAC005B2C4E /* Sources */ = {
			isa = PBXSourcesBuildPhase;
			buildActionMask = 2147483647;
			files = (
				70592ADA2A7A5CAC005B2C4E /* ToDoListUITestsLaunchTests.swift in Sources */,
				70592AD82A7A5CAC005B2C4E /* ToDoListUITests.swift in Sources */,
			);
			runOnlyForDeploymentPostprocessing = 0;
		};
/* End PBXSourcesBuildPhase section */

/* Begin PBXTargetDependency section */
		70592ACB2A7A5CAC005B2C4E /* PBXTargetDependency */ = {
			isa = PBXTargetDependency;
			target = 70592AB32A7A5CA9005B2C4E /* ToDoList */;
			targetProxy = 70592ACA2A7A5CAC005B2C4E /* PBXContainerItemProxy */;
		};
		70592AD52A7A5CAC005B2C4E /* PBXTargetDependency */ = {
			isa = PBXTargetDependency;
			target = 70592AB32A7A5CA9005B2C4E /* ToDoList */;
			targetProxy = 70592AD42A7A5CAC005B2C4E /* PBXContainerItemProxy */;
		};
/* End PBXTargetDependency section */

/* Begin XCBuildConfiguration section */
		70592ADB2A7A5CAC005B2C4E /* Debug */ = {
			isa = XCBuildConfiguration;
			buildSettings = {
				ALWAYS_SEARCH_USER_PATHS = NO;
				CLANG_ANALYZER_NONNULL = YES;
				CLANG_ANALYZER_NUMBER_OBJECT_CONVERSION = YES_AGGRESSIVE;
				CLANG_CXX_LANGUAGE_STANDARD = "gnu++20";
				CLANG_ENABLE_MODULES = YES;
				CLANG_ENABLE_OBJC_ARC = YES;
				CLANG_ENABLE_OBJC_WEAK = YES;
				CLANG_WARN_BLOCK_CAPTURE_AUTORELEASING = YES;
				CLANG_WARN_BOOL_CONVERSION = YES;
				CLANG_WARN_COMMA = YES;
				CLANG_WARN_CONSTANT_CONVERSION = YES;
				CLANG_WARN_DEPRECATED_OBJC_IMPLEMENTATIONS = YES;
				CLANG_WARN_DIRECT_OBJC_ISA_USAGE = YES_ERROR;
				CLANG_WARN_DOCUMENTATION_COMMENTS = YES;
				CLANG_WARN_EMPTY_BODY = YES;
				CLANG_WARN_ENUM_CONVERSION = YES;
				CLANG_WARN_INFINITE_RECURSION = YES;
				CLANG_WARN_INT_CONVERSION = YES;
				CLANG_WARN_NON_LITERAL_NULL_CONVERSION = YES;
				CLANG_WARN_OBJC_IMPLICIT_RETAIN_SELF = YES;
				CLANG_WARN_OBJC_LITERAL_CONVERSION = YES;
				CLANG_WARN_OBJC_ROOT_CLASS = YES_ERROR;
				CLANG_WARN_QUOTED_INCLUDE_IN_FRAMEWORK_HEADER = YES;
				CLANG_WARN_RANGE_LOOP_ANALYSIS = YES;
				CLANG_WARN_STRICT_PROTOTYPES = YES;
				CLANG_WARN_SUSPICIOUS_MOVE = YES;
				CLANG_WARN_UNGUARDED_AVAILABILITY = YES_AGGRESSIVE;
				CLANG_WARN_UNREACHABLE_CODE = YES;
				CLANG_WARN__DUPLICATE_METHOD_MATCH = YES;
				COPY_PHASE_STRIP = NO;
				DEBUG_INFORMATION_FORMAT = dwarf;
				ENABLE_STRICT_OBJC_MSGSEND = YES;
				ENABLE_TESTABILITY = YES;
				GCC_C_LANGUAGE_STANDARD = gnu11;
				GCC_DYNAMIC_NO_PIC = NO;
				GCC_NO_COMMON_BLOCKS = YES;
				GCC_OPTIMIZATION_LEVEL = 0;
				GCC_PREPROCESSOR_DEFINITIONS = (
					"DEBUG=1",
					"$(inherited)",
				);
				GCC_WARN_64_TO_32_BIT_CONVERSION = YES;
				GCC_WARN_ABOUT_RETURN_TYPE = YES_ERROR;
				GCC_WARN_UNDECLARED_SELECTOR = YES;
				GCC_WARN_UNINITIALIZED_AUTOS = YES_AGGRESSIVE;
				GCC_WARN_UNUSED_FUNCTION = YES;
				GCC_WARN_UNUSED_VARIABLE = YES;
				IPHONEOS_DEPLOYMENT_TARGET = 16.4;
				MTL_ENABLE_DEBUG_INFO = INCLUDE_SOURCE;
				MTL_FAST_MATH = YES;
				ONLY_ACTIVE_ARCH = YES;
				SDKROOT = iphoneos;
				SWIFT_ACTIVE_COMPILATION_CONDITIONS = DEBUG;
				SWIFT_OPTIMIZATION_LEVEL = "-Onone";
			};
			name = Debug;
		};
		70592ADC2A7A5CAC005B2C4E /* Release */ = {
			isa = XCBuildConfiguration;
			buildSettings = {
				ALWAYS_SEARCH_USER_PATHS = NO;
				CLANG_ANALYZER_NONNULL = YES;
				CLANG_ANALYZER_NUMBER_OBJECT_CONVERSION = YES_AGGRESSIVE;
				CLANG_CXX_LANGUAGE_STANDARD = "gnu++20";
				CLANG_ENABLE_MODULES = YES;
				CLANG_ENABLE_OBJC_ARC = YES;
				CLANG_ENABLE_OBJC_WEAK = YES;
				CLANG_WARN_BLOCK_CAPTURE_AUTORELEASING = YES;
				CLANG_WARN_BOOL_CONVERSION = YES;
				CLANG_WARN_COMMA = YES;
				CLANG_WARN_CONSTANT_CONVERSION = YES;
				CLANG_WARN_DEPRECATED_OBJC_IMPLEMENTATIONS = YES;
				CLANG_WARN_DIRECT_OBJC_ISA_USAGE = YES_ERROR;
				CLANG_WARN_DOCUMENTATION_COMMENTS = YES;
				CLANG_WARN_EMPTY_BODY = YES;
				CLANG_WARN_ENUM_CONVERSION = YES;
				CLANG_WARN_INFINITE_RECURSION = YES;
				CLANG_WARN_INT_CONVERSION = YES;
				CLANG_WARN_NON_LITERAL_NULL_CONVERSION = YES;
				CLANG_WARN_OBJC_IMPLICIT_RETAIN_SELF = YES;
				CLANG_WARN_OBJC_LITERAL_CONVERSION = YES;
				CLANG_WARN_OBJC_ROOT_CLASS = YES_ERROR;
				CLANG_WARN_QUOTED_INCLUDE_IN_FRAMEWORK_HEADER = YES;
				CLANG_WARN_RANGE_LOOP_ANALYSIS = YES;
				CLANG_WARN_STRICT_PROTOTYPES = YES;
				CLANG_WARN_SUSPICIOUS_MOVE = YES;
				CLANG_WARN_UNGUARDED_AVAILABILITY = YES_AGGRESSIVE;
				CLANG_WARN_UNREACHABLE_CODE = YES;
				CLANG_WARN__DUPLICATE_METHOD_MATCH = YES;
				COPY_PHASE_STRIP = NO;
				DEBUG_INFORMATION_FORMAT = "dwarf-with-dsym";
				ENABLE_NS_ASSERTIONS = NO;
				ENABLE_STRICT_OBJC_MSGSEND = YES;
				GCC_C_LANGUAGE_STANDARD = gnu11;
				GCC_NO_COMMON_BLOCKS = YES;
				GCC_WARN_64_TO_32_BIT_CONVERSION = YES;
				GCC_WARN_ABOUT_RETURN_TYPE = YES_ERROR;
				GCC_WARN_UNDECLARED_SELECTOR = YES;
				GCC_WARN_UNINITIALIZED_AUTOS = YES_AGGRESSIVE;
				GCC_WARN_UNUSED_FUNCTION = YES;
				GCC_WARN_UNUSED_VARIABLE = YES;
				IPHONEOS_DEPLOYMENT_TARGET = 16.4;
				MTL_ENABLE_DEBUG_INFO = NO;
				MTL_FAST_MATH = YES;
				SDKROOT = iphoneos;
				SWIFT_COMPILATION_MODE = wholemodule;
				SWIFT_OPTIMIZATION_LEVEL = "-O";
				VALIDATE_PRODUCT = YES;
			};
			name = Release;
		};
		70592ADE2A7A5CAC005B2C4E /* Debug */ = {
			isa = XCBuildConfiguration;
			buildSettings = {
				ASSETCATALOG_COMPILER_APPICON_NAME = AppIcon;
				ASSETCATALOG_COMPILER_GLOBAL_ACCENT_COLOR_NAME = AccentColor;
				CODE_SIGN_STYLE = Automatic;
				CURRENT_PROJECT_VERSION = 1;
				DEVELOPMENT_ASSET_PATHS = "\"ToDoList/Preview Content\"";
				DEVELOPMENT_TEAM = 3Y6CHKGHC8;
				ENABLE_PREVIEWS = YES;
				GENERATE_INFOPLIST_FILE = YES;
				INFOPLIST_KEY_UIApplicationSceneManifest_Generation = YES;
				INFOPLIST_KEY_UIApplicationSupportsIndirectInputEvents = YES;
				INFOPLIST_KEY_UILaunchScreen_Generation = YES;
				INFOPLIST_KEY_UISupportedInterfaceOrientations_iPad = "UIInterfaceOrientationPortrait UIInterfaceOrientationPortraitUpsideDown UIInterfaceOrientationLandscapeLeft UIInterfaceOrientationLandscapeRight";
				INFOPLIST_KEY_UISupportedInterfaceOrientations_iPhone = "UIInterfaceOrientationPortrait UIInterfaceOrientationLandscapeLeft UIInterfaceOrientationLandscapeRight";
				LD_RUNPATH_SEARCH_PATHS = (
					"$(inherited)",
					"@executable_path/Frameworks",
				);
				MARKETING_VERSION = 1.0;
				PRODUCT_BUNDLE_IDENTIFIER = com.apple.ToDoList;
				PRODUCT_NAME = "$(TARGET_NAME)";
				SWIFT_EMIT_LOC_STRINGS = YES;
				SWIFT_VERSION = 5.0;
				TARGETED_DEVICE_FAMILY = "1,2";
			};
			name = Debug;
		};
		70592ADF2A7A5CAC005B2C4E /* Release */ = {
			isa = XCBuildConfiguration;
			buildSettings = {
				ASSETCATALOG_COMPILER_APPICON_NAME = AppIcon;
				ASSETCATALOG_COMPILER_GLOBAL_ACCENT_COLOR_NAME = AccentColor;
				CODE_SIGN_STYLE = Automatic;
				CURRENT_PROJECT_VERSION = 1;
				DEVELOPMENT_ASSET_PATHS = "\"ToDoList/Preview Content\"";
				DEVELOPMENT_TEAM = 3Y6CHKGHC8;
				ENABLE_PREVIEWS = YES;
				GENERATE_INFOPLIST_FILE = YES;
				INFOPLIST_KEY_UIApplicationSceneManifest_Generation = YES;
				INFOPLIST_KEY_UIApplicationSupportsIndirectInputEvents = YES;
				INFOPLIST_KEY_UILaunchScreen_Generation = YES;
				INFOPLIST_KEY_UISupportedInterfaceOrientations_iPad = "UIInterfaceOrientationPortrait UIInterfaceOrientationPortraitUpsideDown UIInterfaceOrientationLandscapeLeft UIInterfaceOrientationLandscapeRight";
				INFOPLIST_KEY_UISupportedInterfaceOrientations_iPhone = "UIInterfaceOrientationPortrait UIInterfaceOrientationLandscapeLeft UIInterfaceOrientationLandscapeRight";
				LD_RUNPATH_SEARCH_PATHS = (
					"$(inherited)",
					"@executable_path/Frameworks",
				);
				MARKETING_VERSION = 1.0;
				PRODUCT_BUNDLE_IDENTIFIER = com.apple.ToDoList;
				PRODUCT_NAME = "$(TARGET_NAME)";
				SWIFT_EMIT_LOC_STRINGS = YES;
				SWIFT_VERSION = 5.0;
				TARGETED_DEVICE_FAMILY = "1,2";
			};
			name = Release;
		};
		70592AE12A7A5CAC005B2C4E /* Debug */ = {
			isa = XCBuildConfiguration;
			buildSettings = {
				ALWAYS_EMBED_SWIFT_STANDARD_LIBRARIES = YES;
				BUNDLE_LOADER = "$(TEST_HOST)";
				CODE_SIGN_STYLE = Automatic;
				CURRENT_PROJECT_VERSION = 1;
				DEVELOPMENT_TEAM = 3Y6CHKGHC8;
				GENERATE_INFOPLIST_FILE = YES;
				IPHONEOS_DEPLOYMENT_TARGET = 16.4;
				MARKETING_VERSION = 1.0;
				PRODUCT_BUNDLE_IDENTIFIER = com.apple.ToDoListTests;
				PRODUCT_NAME = "$(TARGET_NAME)";
				SWIFT_EMIT_LOC_STRINGS = NO;
				SWIFT_VERSION = 5.0;
				TARGETED_DEVICE_FAMILY = "1,2";
				TEST_HOST = "$(BUILT_PRODUCTS_DIR)/ToDoList.app/$(BUNDLE_EXECUTABLE_FOLDER_PATH)/ToDoList";
			};
			name = Debug;
		};
		70592AE22A7A5CAC005B2C4E /* Release */ = {
			isa = XCBuildConfiguration;
			buildSettings = {
				ALWAYS_EMBED_SWIFT_STANDARD_LIBRARIES = YES;
				BUNDLE_LOADER = "$(TEST_HOST)";
				CODE_SIGN_STYLE = Automatic;
				CURRENT_PROJECT_VERSION = 1;
				DEVELOPMENT_TEAM = 3Y6CHKGHC8;
				GENERATE_INFOPLIST_FILE = YES;
				IPHONEOS_DEPLOYMENT_TARGET = 16.4;
				MARKETING_VERSION = 1.0;
				PRODUCT_BUNDLE_IDENTIFIER = com.apple.ToDoListTests;
				PRODUCT_NAME = "$(TARGET_NAME)";
				SWIFT_EMIT_LOC_STRINGS = NO;
				SWIFT_VERSION = 5.0;
				TARGETED_DEVICE_FAMILY = "1,2";
				TEST_HOST = "$(BUILT_PRODUCTS_DIR)/ToDoList.app/$(BUNDLE_EXECUTABLE_FOLDER_PATH)/ToDoList";
			};
			name = Release;
		};
		70592AE42A7A5CAC005B2C4E /* Debug */ = {
			isa = XCBuildConfiguration;
			buildSettings = {
				ALWAYS_EMBED_SWIFT_STANDARD_LIBRARIES = YES;
				CODE_SIGN_STYLE = Automatic;
				CURRENT_PROJECT_VERSION = 1;
				DEVELOPMENT_TEAM = 3Y6CHKGHC8;
				GENERATE_INFOPLIST_FILE = YES;
				MARKETING_VERSION = 1.0;
				PRODUCT_BUNDLE_IDENTIFIER = com.apple.ToDoListUITests;
				PRODUCT_NAME = "$(TARGET_NAME)";
				SWIFT_EMIT_LOC_STRINGS = NO;
				SWIFT_VERSION = 5.0;
				TARGETED_DEVICE_FAMILY = "1,2";
				TEST_TARGET_NAME = ToDoList;
			};
			name = Debug;
		};
		70592AE52A7A5CAC005B2C4E /* Release */ = {
			isa = XCBuildConfiguration;
			buildSettings = {
				ALWAYS_EMBED_SWIFT_STANDARD_LIBRARIES = YES;
				CODE_SIGN_STYLE = Automatic;
				CURRENT_PROJECT_VERSION = 1;
				DEVELOPMENT_TEAM = 3Y6CHKGHC8;
				GENERATE_INFOPLIST_FILE = YES;
				MARKETING_VERSION = 1.0;
				PRODUCT_BUNDLE_IDENTIFIER = com.apple.ToDoListUITests;
				PRODUCT_NAME = "$(TARGET_NAME)";
				SWIFT_EMIT_LOC_STRINGS = NO;
				SWIFT_VERSION = 5.0;
				TARGETED_DEVICE_FAMILY = "1,2";
				TEST_TARGET_NAME = ToDoList;
			};
			name = Release;
		};
/* End XCBuildConfiguration section */

/* Begin XCConfigurationList section */
		70592AAF2A7A5CA9005B2C4E /* Build configuration list for PBXProject "ToDoList" */ = {
			isa = XCConfigurationList;
			buildConfigurations = (
				70592ADB2A7A5CAC005B2C4E /* Debug */,
				70592ADC2A7A5CAC005B2C4E /* Release */,
			);
			defaultConfigurationIsVisible = 0;
			defaultConfigurationName = Release;
		};
		70592ADD2A7A5CAC005B2C4E /* Build configuration list for PBXNativeTarget "ToDoList" */ = {
			isa = XCConfigurationList;
			buildConfigurations = (
				70592ADE2A7A5CAC005B2C4E /* Debug */,
				70592ADF2A7A5CAC005B2C4E /* Release */,
			);
			defaultConfigurationIsVisible = 0;
			defaultConfigurationName = Release;
		};
		70592AE02A7A5CAC005B2C4E /* Build configuration list for PBXNativeTarget "ToDoListTests" */ = {
			isa = XCConfigurationList;
			buildConfigurations = (
				70592AE12A7A5CAC005B2C4E /* Debug */,
				70592AE22A7A5CAC005B2C4E /* Release */,
			);
			defaultConfigurationIsVisible = 0;
			defaultConfigurationName = Release;
		};
		70592AE32A7A5CAC005B2C4E /* Build configuration list for PBXNativeTarget "ToDoListUITests" */ = {
			isa = XCConfigurationList;
			buildConfigurations = (
				70592AE42A7A5CAC005B2C4E /* Debug */,
				70592AE52A7A5CAC005B2C4E /* Release */,
			);
			defaultConfigurationIsVisible = 0;
			defaultConfigurationName = Release;
		};
/* End XCConfigurationList section */

/* Begin XCVersionGroup section */
		70592AC22A7A5CAB005B2C4E /* ToDoList.xcdatamodeld */ = {
			isa = XCVersionGroup;
			children = (
				70592AC32A7A5CAB005B2C4E /* ToDoList.xcdatamodel */,
			);
			currentVersion = 70592AC32A7A5CAB005B2C4E /* ToDoList.xcdatamodel */;
			path = ToDoList.xcdatamodeld;
			sourceTree = "<group>";
			versionGroupType = wrapper.xcdatamodel;
		};
/* End XCVersionGroup section */
	};
	rootObject = 70592AAC2A7A5CA9005B2C4E /* Project object */;
}
